// !$*UTF8*$!
{
	archiveVersion = 1;
	classes = {
	};
	objectVersion = 46;
	objects = {

/* Begin PBXBuildFile section */
		626807807CBF015DA2CA3125 /* libPods-AppFramework.a in Frameworks */ = {isa = PBXBuildFile; fileRef = BE2835CAB5B8732CE6EA0EB3 /* libPods-AppFramework.a */; };
		962E76461E9C7F34007A30B6 /* JLNavigationController.m in Sources */ = {isa = PBXBuildFile; fileRef = 962E76451E9C7F34007A30B6 /* JLNavigationController.m */; };
		962E76491E9C8051007A30B6 /* UIImage+Color.m in Sources */ = {isa = PBXBuildFile; fileRef = 962E76481E9C8051007A30B6 /* UIImage+Color.m */; };
		962E764C1E9C8D03007A30B6 /* DetailController.m in Sources */ = {isa = PBXBuildFile; fileRef = 962E764B1E9C8D03007A30B6 /* DetailController.m */; };
		962E76561E9CCA19007A30B6 /* JLNetwork.m in Sources */ = {isa = PBXBuildFile; fileRef = 962E76551E9CCA19007A30B6 /* JLNetwork.m */; };
		96372D7C1E9B3CEA00091D97 /* main.m in Sources */ = {isa = PBXBuildFile; fileRef = 96372D7B1E9B3CEA00091D97 /* main.m */; };
		96372D851E9B3CEA00091D97 /* Main.storyboard in Resources */ = {isa = PBXBuildFile; fileRef = 96372D831E9B3CEA00091D97 /* Main.storyboard */; };
		96372D871E9B3CEA00091D97 /* Assets.xcassets in Resources */ = {isa = PBXBuildFile; fileRef = 96372D861E9B3CEA00091D97 /* Assets.xcassets */; };
		96372D8A1E9B3CEA00091D97 /* LaunchScreen.storyboard in Resources */ = {isa = PBXBuildFile; fileRef = 96372D881E9B3CEA00091D97 /* LaunchScreen.storyboard */; };
		96372D951E9B3CEA00091D97 /* AppFrameworkTests.m in Sources */ = {isa = PBXBuildFile; fileRef = 96372D941E9B3CEA00091D97 /* AppFrameworkTests.m */; };
		96372DA01E9B3CEA00091D97 /* AppFrameworkUITests.m in Sources */ = {isa = PBXBuildFile; fileRef = 96372D9F1E9B3CEA00091D97 /* AppFrameworkUITests.m */; };
		96372DBA1E9B5F6500091D97 /* AppDelegate.m in Sources */ = {isa = PBXBuildFile; fileRef = 96372DB61E9B5F6500091D97 /* AppDelegate.m */; };
		96372DBE1E9B8C2C00091D97 /* JLTabBarController.m in Sources */ = {isa = PBXBuildFile; fileRef = 96372DBD1E9B8C2C00091D97 /* JLTabBarController.m */; };
		96372DC91E9B8D0F00091D97 /* HomeController.m in Sources */ = {isa = PBXBuildFile; fileRef = 96372DC81E9B8D0F00091D97 /* HomeController.m */; };
		96372DCC1E9B8D2C00091D97 /* MineController.m in Sources */ = {isa = PBXBuildFile; fileRef = 96372DCB1E9B8D2C00091D97 /* MineController.m */; };
		96372DCF1E9B975900091D97 /* ListController.m in Sources */ = {isa = PBXBuildFile; fileRef = 96372DCE1E9B975900091D97 /* ListController.m */; };
/* End PBXBuildFile section */

/* Begin PBXContainerItemProxy section */
		96372D911E9B3CEA00091D97 /* PBXContainerItemProxy */ = {
			isa = PBXContainerItemProxy;
			containerPortal = 96372D6F1E9B3CEA00091D97 /* Project object */;
			proxyType = 1;
			remoteGlobalIDString = 96372D761E9B3CEA00091D97;
			remoteInfo = AppFramework;
		};
		96372D9C1E9B3CEA00091D97 /* PBXContainerItemProxy */ = {
			isa = PBXContainerItemProxy;
			containerPortal = 96372D6F1E9B3CEA00091D97 /* Project object */;
			proxyType = 1;
			remoteGlobalIDString = 96372D761E9B3CEA00091D97;
			remoteInfo = AppFramework;
		};
/* End PBXContainerItemProxy section */

/* Begin PBXFileReference section */
		0C5FC82BE58B1E7E1E84BC58 /* Pods-AppFramework.debug.xcconfig */ = {isa = PBXFileReference; includeInIndex = 1; lastKnownFileType = text.xcconfig; name = "Pods-AppFramework.debug.xcconfig"; path = "Pods/Target Support Files/Pods-AppFramework/Pods-AppFramework.debug.xcconfig"; sourceTree = "<group>"; };
		962E76441E9C7F34007A30B6 /* JLNavigationController.h */ = {isa = PBXFileReference; fileEncoding = 4; lastKnownFileType = sourcecode.c.h; path = JLNavigationController.h; sourceTree = "<group>"; };
		962E76451E9C7F34007A30B6 /* JLNavigationController.m */ = {isa = PBXFileReference; fileEncoding = 4; lastKnownFileType = sourcecode.c.objc; path = JLNavigationController.m; sourceTree = "<group>"; };
		962E76471E9C8051007A30B6 /* UIImage+Color.h */ = {isa = PBXFileReference; fileEncoding = 4; lastKnownFileType = sourcecode.c.h; path = "UIImage+Color.h"; sourceTree = "<group>"; };
		962E76481E9C8051007A30B6 /* UIImage+Color.m */ = {isa = PBXFileReference; fileEncoding = 4; lastKnownFileType = sourcecode.c.objc; path = "UIImage+Color.m"; sourceTree = "<group>"; };
		962E764A1E9C8D03007A30B6 /* DetailController.h */ = {isa = PBXFileReference; fileEncoding = 4; lastKnownFileType = sourcecode.c.h; path = DetailController.h; sourceTree = "<group>"; };
		962E764B1E9C8D03007A30B6 /* DetailController.m */ = {isa = PBXFileReference; fileEncoding = 4; lastKnownFileType = sourcecode.c.objc; path = DetailController.m; sourceTree = "<group>"; };
		962E76541E9CCA19007A30B6 /* JLNetwork.h */ = {isa = PBXFileReference; fileEncoding = 4; lastKnownFileType = sourcecode.c.h; path = JLNetwork.h; sourceTree = "<group>"; };
		962E76551E9CCA19007A30B6 /* JLNetwork.m */ = {isa = PBXFileReference; fileEncoding = 4; lastKnownFileType = sourcecode.c.objc; path = JLNetwork.m; sourceTree = "<group>"; };
		96372D771E9B3CEA00091D97 /* AppFramework.app */ = {isa = PBXFileReference; explicitFileType = wrapper.application; includeInIndex = 0; path = AppFramework.app; sourceTree = BUILT_PRODUCTS_DIR; };
		96372D7B1E9B3CEA00091D97 /* main.m */ = {isa = PBXFileReference; lastKnownFileType = sourcecode.c.objc; path = main.m; sourceTree = "<group>"; };
		96372D841E9B3CEA00091D97 /* Base */ = {isa = PBXFileReference; lastKnownFileType = file.storyboard; name = Base; path = Base.lproj/Main.storyboard; sourceTree = "<group>"; };
		96372D861E9B3CEA00091D97 /* Assets.xcassets */ = {isa = PBXFileReference; lastKnownFileType = folder.assetcatalog; path = Assets.xcassets; sourceTree = "<group>"; };
		96372D891E9B3CEA00091D97 /* Base */ = {isa = PBXFileReference; lastKnownFileType = file.storyboard; name = Base; path = Base.lproj/LaunchScreen.storyboard; sourceTree = "<group>"; };
		96372D8B1E9B3CEA00091D97 /* Info.plist */ = {isa = PBXFileReference; lastKnownFileType = text.plist.xml; path = Info.plist; sourceTree = "<group>"; };
		96372D901E9B3CEA00091D97 /* AppFrameworkTests.xctest */ = {isa = PBXFileReference; explicitFileType = wrapper.cfbundle; includeInIndex = 0; path = AppFrameworkTests.xctest; sourceTree = BUILT_PRODUCTS_DIR; };
		96372D941E9B3CEA00091D97 /* AppFrameworkTests.m */ = {isa = PBXFileReference; lastKnownFileType = sourcecode.c.objc; path = AppFrameworkTests.m; sourceTree = "<group>"; };
		96372D961E9B3CEA00091D97 /* Info.plist */ = {isa = PBXFileReference; lastKnownFileType = text.plist.xml; path = Info.plist; sourceTree = "<group>"; };
		96372D9B1E9B3CEA00091D97 /* AppFrameworkUITests.xctest */ = {isa = PBXFileReference; explicitFileType = wrapper.cfbundle; includeInIndex = 0; path = AppFrameworkUITests.xctest; sourceTree = BUILT_PRODUCTS_DIR; };
		96372D9F1E9B3CEA00091D97 /* AppFrameworkUITests.m */ = {isa = PBXFileReference; lastKnownFileType = sourcecode.c.objc; path = AppFrameworkUITests.m; sourceTree = "<group>"; };
		96372DA11E9B3CEA00091D97 /* Info.plist */ = {isa = PBXFileReference; lastKnownFileType = text.plist.xml; path = Info.plist; sourceTree = "<group>"; };
		96372DB51E9B5F6500091D97 /* AppDelegate.h */ = {isa = PBXFileReference; fileEncoding = 4; lastKnownFileType = sourcecode.c.h; path = AppDelegate.h; sourceTree = "<group>"; };
		96372DB61E9B5F6500091D97 /* AppDelegate.m */ = {isa = PBXFileReference; fileEncoding = 4; lastKnownFileType = sourcecode.c.objc; path = AppDelegate.m; sourceTree = "<group>"; };
		96372DBB1E9B601900091D97 /* PrefixHeader.pch */ = {isa = PBXFileReference; fileEncoding = 4; lastKnownFileType = sourcecode.c.h; path = PrefixHeader.pch; sourceTree = "<group>"; };
		96372DBC1E9B8C2C00091D97 /* JLTabBarController.h */ = {isa = PBXFileReference; fileEncoding = 4; lastKnownFileType = sourcecode.c.h; path = JLTabBarController.h; sourceTree = "<group>"; };
		96372DBD1E9B8C2C00091D97 /* JLTabBarController.m */ = {isa = PBXFileReference; fileEncoding = 4; lastKnownFileType = sourcecode.c.objc; path = JLTabBarController.m; sourceTree = "<group>"; };
		96372DC71E9B8D0F00091D97 /* HomeController.h */ = {isa = PBXFileReference; fileEncoding = 4; lastKnownFileType = sourcecode.c.h; path = HomeController.h; sourceTree = "<group>"; };
		96372DC81E9B8D0F00091D97 /* HomeController.m */ = {isa = PBXFileReference; fileEncoding = 4; lastKnownFileType = sourcecode.c.objc; path = HomeController.m; sourceTree = "<group>"; };
		96372DCA1E9B8D2C00091D97 /* MineController.h */ = {isa = PBXFileReference; fileEncoding = 4; lastKnownFileType = sourcecode.c.h; path = MineController.h; sourceTree = "<group>"; };
		96372DCB1E9B8D2C00091D97 /* MineController.m */ = {isa = PBXFileReference; fileEncoding = 4; lastKnownFileType = sourcecode.c.objc; path = MineController.m; sourceTree = "<group>"; };
		96372DCD1E9B975900091D97 /* ListController.h */ = {isa = PBXFileReference; fileEncoding = 4; lastKnownFileType = sourcecode.c.h; path = ListController.h; sourceTree = "<group>"; };
		96372DCE1E9B975900091D97 /* ListController.m */ = {isa = PBXFileReference; fileEncoding = 4; lastKnownFileType = sourcecode.c.objc; path = ListController.m; sourceTree = "<group>"; };
		9D8F60932D7788E2CF9F7589 /* libPods-AppFrameworkTests.a */ = {isa = PBXFileReference; explicitFileType = archive.ar; includeInIndex = 0; path = "libPods-AppFrameworkTests.a"; sourceTree = BUILT_PRODUCTS_DIR; };
		BE2835CAB5B8732CE6EA0EB3 /* libPods-AppFramework.a */ = {isa = PBXFileReference; explicitFileType = archive.ar; includeInIndex = 0; path = "libPods-AppFramework.a"; sourceTree = BUILT_PRODUCTS_DIR; };
		CF8AF381B524D28FD61F9BA3 /* Pods-AppFramework.release.xcconfig */ = {isa = PBXFileReference; includeInIndex = 1; lastKnownFileType = text.xcconfig; name = "Pods-AppFramework.release.xcconfig"; path = "Pods/Target Support Files/Pods-AppFramework/Pods-AppFramework.release.xcconfig"; sourceTree = "<group>"; };
		F75CF2C252857447CE40487F /* libPods-AppFrameworkUITests.a */ = {isa = PBXFileReference; explicitFileType = archive.ar; includeInIndex = 0; path = "libPods-AppFrameworkUITests.a"; sourceTree = BUILT_PRODUCTS_DIR; };
/* End PBXFileReference section */

/* Begin PBXFrameworksBuildPhase section */
		96372D741E9B3CEA00091D97 /* Frameworks */ = {
			isa = PBXFrameworksBuildPhase;
			buildActionMask = 2147483647;
			files = (
				626807807CBF015DA2CA3125 /* libPods-AppFramework.a in Frameworks */,
			);
			runOnlyForDeploymentPostprocessing = 0;
		};
		96372D8D1E9B3CEA00091D97 /* Frameworks */ = {
			isa = PBXFrameworksBuildPhase;
			buildActionMask = 2147483647;
			files = (
			);
			runOnlyForDeploymentPostprocessing = 0;
		};
		96372D981E9B3CEA00091D97 /* Frameworks */ = {
			isa = PBXFrameworksBuildPhase;
			buildActionMask = 2147483647;
			files = (
			);
			runOnlyForDeploymentPostprocessing = 0;
		};
/* End PBXFrameworksBuildPhase section */

/* Begin PBXGroup section */
		10D5D0B80285E40B987B9C56 /* Frameworks */ = {
			isa = PBXGroup;
			children = (
				BE2835CAB5B8732CE6EA0EB3 /* libPods-AppFramework.a */,
				9D8F60932D7788E2CF9F7589 /* libPods-AppFrameworkTests.a */,
				F75CF2C252857447CE40487F /* libPods-AppFrameworkUITests.a */,
			);
			name = Frameworks;
			sourceTree = "<group>";
		};
		96372D6E1E9B3CEA00091D97 = {
			isa = PBXGroup;
			children = (
				96372D791E9B3CEA00091D97 /* AppFramework */,
				96372D931E9B3CEA00091D97 /* AppFrameworkTests */,
				96372D9E1E9B3CEA00091D97 /* AppFrameworkUITests */,
				96372D781E9B3CEA00091D97 /* Products */,
				BE2C40D8B93A8EC6FD89F79B /* Pods */,
				10D5D0B80285E40B987B9C56 /* Frameworks */,
			);
			sourceTree = "<group>";
		};
		96372D781E9B3CEA00091D97 /* Products */ = {
			isa = PBXGroup;
			children = (
				96372D771E9B3CEA00091D97 /* AppFramework.app */,
				96372D901E9B3CEA00091D97 /* AppFrameworkTests.xctest */,
				96372D9B1E9B3CEA00091D97 /* AppFrameworkUITests.xctest */,
			);
			name = Products;
			sourceTree = "<group>";
		};
		96372D791E9B3CEA00091D97 /* AppFramework */ = {
			isa = PBXGroup;
			children = (
				96372DAD1E9B5F6500091D97 /* Class */,
				96372D7A1E9B3CEA00091D97 /* Supporting Files */,
			);
			path = AppFramework;
			sourceTree = "<group>";
		};
		96372D7A1E9B3CEA00091D97 /* Supporting Files */ = {
			isa = PBXGroup;
			children = (
				96372D831E9B3CEA00091D97 /* Main.storyboard */,
				96372D861E9B3CEA00091D97 /* Assets.xcassets */,
				96372D881E9B3CEA00091D97 /* LaunchScreen.storyboard */,
				96372D8B1E9B3CEA00091D97 /* Info.plist */,
				96372D7B1E9B3CEA00091D97 /* main.m */,
			);
			name = "Supporting Files";
			sourceTree = "<group>";
		};
		96372D931E9B3CEA00091D97 /* AppFrameworkTests */ = {
			isa = PBXGroup;
			children = (
				96372D941E9B3CEA00091D97 /* AppFrameworkTests.m */,
				96372D961E9B3CEA00091D97 /* Info.plist */,
			);
			path = AppFrameworkTests;
			sourceTree = "<group>";
		};
		96372D9E1E9B3CEA00091D97 /* AppFrameworkUITests */ = {
			isa = PBXGroup;
			children = (
				96372D9F1E9B3CEA00091D97 /* AppFrameworkUITests.m */,
				96372DA11E9B3CEA00091D97 /* Info.plist */,
			);
			path = AppFrameworkUITests;
			sourceTree = "<group>";
		};
		96372DAD1E9B5F6500091D97 /* Class */ = {
			isa = PBXGroup;
			children = (
				96372DAE1E9B5F6500091D97 /* Main */,
				96372DBF1E9B8CEE00091D97 /* Home */,
				96372DC31E9B8CEE00091D97 /* Mine */,
			);
			path = Class;
			sourceTree = "<group>";
		};
		96372DAE1E9B5F6500091D97 /* Main */ = {
			isa = PBXGroup;
			children = (
				96372DAF1E9B5F6500091D97 /* Category */,
				96372DB71E9B5F6500091D97 /* Tool */,
				96372DB41E9B5F6500091D97 /* Other */,
				96372DB01E9B5F6500091D97 /* Controller */,
				96372DB31E9B5F6500091D97 /* Model */,
				96372DB81E9B5F6500091D97 /* View */,
			);
			path = Main;
			sourceTree = "<group>";
		};
		96372DAF1E9B5F6500091D97 /* Category */ = {
			isa = PBXGroup;
			children = (
				962E76471E9C8051007A30B6 /* UIImage+Color.h */,
				962E76481E9C8051007A30B6 /* UIImage+Color.m */,
			);
			path = Category;
			sourceTree = "<group>";
		};
		96372DB01E9B5F6500091D97 /* Controller */ = {
			isa = PBXGroup;
			children = (
				96372DBC1E9B8C2C00091D97 /* JLTabBarController.h */,
				96372DBD1E9B8C2C00091D97 /* JLTabBarController.m */,
				962E76441E9C7F34007A30B6 /* JLNavigationController.h */,
				962E76451E9C7F34007A30B6 /* JLNavigationController.m */,
			);
			path = Controller;
			sourceTree = "<group>";
		};
		96372DB31E9B5F6500091D97 /* Model */ = {
			isa = PBXGroup;
			children = (
			);
			path = Model;
			sourceTree = "<group>";
		};
		96372DB41E9B5F6500091D97 /* Other */ = {
			isa = PBXGroup;
			children = (
				96372DB51E9B5F6500091D97 /* AppDelegate.h */,
				96372DB61E9B5F6500091D97 /* AppDelegate.m */,
				96372DBB1E9B601900091D97 /* PrefixHeader.pch */,
			);
			path = Other;
			sourceTree = "<group>";
		};
		96372DB71E9B5F6500091D97 /* Tool */ = {
			isa = PBXGroup;
			children = (
				962E76541E9CCA19007A30B6 /* JLNetwork.h */,
				962E76551E9CCA19007A30B6 /* JLNetwork.m */,
			);
			path = Tool;
			sourceTree = "<group>";
		};
		96372DB81E9B5F6500091D97 /* View */ = {
			isa = PBXGroup;
			children = (
			);
			path = View;
			sourceTree = "<group>";
		};
		96372DBF1E9B8CEE00091D97 /* Home */ = {
			isa = PBXGroup;
			children = (
				96372DC01E9B8CEE00091D97 /* Controller */,
				96372DC11E9B8CEE00091D97 /* Model */,
				96372DC21E9B8CEE00091D97 /* View */,
			);
			path = Home;
			sourceTree = "<group>";
		};
		96372DC01E9B8CEE00091D97 /* Controller */ = {
			isa = PBXGroup;
			children = (
				96372DC71E9B8D0F00091D97 /* HomeController.h */,
				96372DC81E9B8D0F00091D97 /* HomeController.m */,
				96372DCD1E9B975900091D97 /* ListController.h */,
				96372DCE1E9B975900091D97 /* ListController.m */,
				962E764A1E9C8D03007A30B6 /* DetailController.h */,
				962E764B1E9C8D03007A30B6 /* DetailController.m */,
			);
			path = Controller;
			sourceTree = "<group>";
		};
		96372DC11E9B8CEE00091D97 /* Model */ = {
			isa = PBXGroup;
			children = (
			);
			path = Model;
			sourceTree = "<group>";
		};
		96372DC21E9B8CEE00091D97 /* View */ = {
			isa = PBXGroup;
			children = (
			);
			path = View;
			sourceTree = "<group>";
		};
		96372DC31E9B8CEE00091D97 /* Mine */ = {
			isa = PBXGroup;
			children = (
				96372DC41E9B8CEE00091D97 /* Controller */,
				96372DC51E9B8CEE00091D97 /* Model */,
				96372DC61E9B8CEE00091D97 /* View */,
			);
			path = Mine;
			sourceTree = "<group>";
		};
		96372DC41E9B8CEE00091D97 /* Controller */ = {
			isa = PBXGroup;
			children = (
				96372DCA1E9B8D2C00091D97 /* MineController.h */,
				96372DCB1E9B8D2C00091D97 /* MineController.m */,
			);
			path = Controller;
			sourceTree = "<group>";
		};
		96372DC51E9B8CEE00091D97 /* Model */ = {
			isa = PBXGroup;
			children = (
			);
			path = Model;
			sourceTree = "<group>";
		};
		96372DC61E9B8CEE00091D97 /* View */ = {
			isa = PBXGroup;
			children = (
			);
			path = View;
			sourceTree = "<group>";
		};
		BE2C40D8B93A8EC6FD89F79B /* Pods */ = {
			isa = PBXGroup;
			children = (
				0C5FC82BE58B1E7E1E84BC58 /* Pods-AppFramework.debug.xcconfig */,
				CF8AF381B524D28FD61F9BA3 /* Pods-AppFramework.release.xcconfig */,
			);
			name = Pods;
			sourceTree = "<group>";
		};
/* End PBXGroup section */

/* Begin PBXNativeTarget section */
		96372D761E9B3CEA00091D97 /* AppFramework */ = {
			isa = PBXNativeTarget;
			buildConfigurationList = 96372DA41E9B3CEA00091D97 /* Build configuration list for PBXNativeTarget "AppFramework" */;
			buildPhases = (
				D3E931A63A5EC372DC01FF81 /* [CP] Check Pods Manifest.lock */,
				96372D731E9B3CEA00091D97 /* Sources */,
				96372D741E9B3CEA00091D97 /* Frameworks */,
				96372D751E9B3CEA00091D97 /* Resources */,
				70180E6FAD45C2AAF09104C9 /* [CP] Embed Pods Frameworks */,
				453B2F4C8605E8D28F871007 /* [CP] Copy Pods Resources */,
			);
			buildRules = (
			);
			dependencies = (
			);
			name = AppFramework;
			productName = AppFramework;
			productReference = 96372D771E9B3CEA00091D97 /* AppFramework.app */;
			productType = "com.apple.product-type.application";
		};
		96372D8F1E9B3CEA00091D97 /* AppFrameworkTests */ = {
			isa = PBXNativeTarget;
			buildConfigurationList = 96372DA71E9B3CEA00091D97 /* Build configuration list for PBXNativeTarget "AppFrameworkTests" */;
			buildPhases = (
				0D997B19011B9EA088A61523 /* [CP] Check Pods Manifest.lock */,
				96372D8C1E9B3CEA00091D97 /* Sources */,
				96372D8D1E9B3CEA00091D97 /* Frameworks */,
				96372D8E1E9B3CEA00091D97 /* Resources */,
				1CA65F95EEAEC64E910252E7 /* [CP] Embed Pods Frameworks */,
				324EB49335FEF0B9B6BBD150 /* [CP] Copy Pods Resources */,
			);
			buildRules = (
			);
			dependencies = (
				96372D921E9B3CEA00091D97 /* PBXTargetDependency */,
			);
			name = AppFrameworkTests;
			productName = AppFrameworkTests;
			productReference = 96372D901E9B3CEA00091D97 /* AppFrameworkTests.xctest */;
			productType = "com.apple.product-type.bundle.unit-test";
		};
		96372D9A1E9B3CEA00091D97 /* AppFrameworkUITests */ = {
			isa = PBXNativeTarget;
			buildConfigurationList = 96372DAA1E9B3CEA00091D97 /* Build configuration list for PBXNativeTarget "AppFrameworkUITests" */;
			buildPhases = (
				ECDD450F8F0CC3B2629136DF /* [CP] Check Pods Manifest.lock */,
				96372D971E9B3CEA00091D97 /* Sources */,
				96372D981E9B3CEA00091D97 /* Frameworks */,
				96372D991E9B3CEA00091D97 /* Resources */,
				BD7C5B144FC8B05695506A7E /* [CP] Copy Pods Resources */,
			);
			buildRules = (
			);
			dependencies = (
				96372D9D1E9B3CEA00091D97 /* PBXTargetDependency */,
			);
			name = AppFrameworkUITests;
			productName = AppFrameworkUITests;
			productReference = 96372D9B1E9B3CEA00091D97 /* AppFrameworkUITests.xctest */;
			productType = "com.apple.product-type.bundle.ui-testing";
		};
/* End PBXNativeTarget section */

/* Begin PBXProject section */
		96372D6F1E9B3CEA00091D97 /* Project object */ = {
			isa = PBXProject;
			attributes = {
				LastUpgradeCheck = 0830;
				ORGANIZATIONNAME = JLB;
				TargetAttributes = {
					96372D761E9B3CEA00091D97 = {
						CreatedOnToolsVersion = 8.3;
						ProvisioningStyle = Automatic;
					};
					96372D8F1E9B3CEA00091D97 = {
						CreatedOnToolsVersion = 8.3;
						ProvisioningStyle = Automatic;
						TestTargetID = 96372D761E9B3CEA00091D97;
					};
					96372D9A1E9B3CEA00091D97 = {
						CreatedOnToolsVersion = 8.3;
						ProvisioningStyle = Automatic;
						TestTargetID = 96372D761E9B3CEA00091D97;
					};
				};
			};
			buildConfigurationList = 96372D721E9B3CEA00091D97 /* Build configuration list for PBXProject "AppFramework" */;
			compatibilityVersion = "Xcode 3.2";
			developmentRegion = English;
			hasScannedForEncodings = 0;
			knownRegions = (
				en,
				Base,
			);
			mainGroup = 96372D6E1E9B3CEA00091D97;
			productRefGroup = 96372D781E9B3CEA00091D97 /* Products */;
			projectDirPath = "";
			projectRoot = "";
			targets = (
				96372D761E9B3CEA00091D97 /* AppFramework */,
				96372D8F1E9B3CEA00091D97 /* AppFrameworkTests */,
				96372D9A1E9B3CEA00091D97 /* AppFrameworkUITests */,
			);
		};
/* End PBXProject section */

/* Begin PBXResourcesBuildPhase section */
		96372D751E9B3CEA00091D97 /* Resources */ = {
			isa = PBXResourcesBuildPhase;
			buildActionMask = 2147483647;
			files = (
				96372D8A1E9B3CEA00091D97 /* LaunchScreen.storyboard in Resources */,
				96372D871E9B3CEA00091D97 /* Assets.xcassets in Resources */,
				96372D851E9B3CEA00091D97 /* Main.storyboard in Resources */,
			);
			runOnlyForDeploymentPostprocessing = 0;
		};
		96372D8E1E9B3CEA00091D97 /* Resources */ = {
			isa = PBXResourcesBuildPhase;
			buildActionMask = 2147483647;
			files = (
			);
			runOnlyForDeploymentPostprocessing = 0;
		};
		96372D991E9B3CEA00091D97 /* Resources */ = {
			isa = PBXResourcesBuildPhase;
			buildActionMask = 2147483647;
			files = (
			);
			runOnlyForDeploymentPostprocessing = 0;
		};
/* End PBXResourcesBuildPhase section */

/* Begin PBXShellScriptBuildPhase section */
		0D997B19011B9EA088A61523 /* [CP] Check Pods Manifest.lock */ = {
			isa = PBXShellScriptBuildPhase;
			buildActionMask = 2147483647;
			files = (
			);
			inputPaths = (
			);
			name = "[CP] Check Pods Manifest.lock";
			outputPaths = (
			);
			runOnlyForDeploymentPostprocessing = 0;
			shellPath = /bin/sh;
			shellScript = "diff \"${PODS_ROOT}/../Podfile.lock\" \"${PODS_ROOT}/Manifest.lock\" > /dev/null\nif [[ $? != 0 ]] ; then\n    cat << EOM\nerror: The sandbox is not in sync with the Podfile.lock. Run 'pod install' or update your CocoaPods installation.\nEOM\n    exit 1\nfi\n";
			showEnvVarsInLog = 0;
		};
		1CA65F95EEAEC64E910252E7 /* [CP] Embed Pods Frameworks */ = {
			isa = PBXShellScriptBuildPhase;
			buildActionMask = 2147483647;
			files = (
			);
			inputPaths = (
			);
			name = "[CP] Embed Pods Frameworks";
			outputPaths = (
			);
			runOnlyForDeploymentPostprocessing = 0;
			shellPath = /bin/sh;
			shellScript = "\"${SRCROOT}/Pods/Target Support Files/Pods-AppFrameworkTests/Pods-AppFrameworkTests-frameworks.sh\"\n";
			showEnvVarsInLog = 0;
		};
		324EB49335FEF0B9B6BBD150 /* [CP] Copy Pods Resources */ = {
			isa = PBXShellScriptBuildPhase;
			buildActionMask = 2147483647;
			files = (
			);
			inputPaths = (
			);
			name = "[CP] Copy Pods Resources";
			outputPaths = (
			);
			runOnlyForDeploymentPostprocessing = 0;
			shellPath = /bin/sh;
			shellScript = "\"${SRCROOT}/Pods/Target Support Files/Pods-AppFrameworkTests/Pods-AppFrameworkTests-resources.sh\"\n";
			showEnvVarsInLog = 0;
		};
		453B2F4C8605E8D28F871007 /* [CP] Copy Pods Resources */ = {
			isa = PBXShellScriptBuildPhase;
			buildActionMask = 2147483647;
			files = (
			);
			inputPaths = (
			);
			name = "[CP] Copy Pods Resources";
			outputPaths = (
			);
			runOnlyForDeploymentPostprocessing = 0;
			shellPath = /bin/sh;
			shellScript = "\"${SRCROOT}/Pods/Target Support Files/Pods-AppFramework/Pods-AppFramework-resources.sh\"\n";
			showEnvVarsInLog = 0;
		};
		70180E6FAD45C2AAF09104C9 /* [CP] Embed Pods Frameworks */ = {
			isa = PBXShellScriptBuildPhase;
			buildActionMask = 2147483647;
			files = (
			);
			inputPaths = (
			);
			name = "[CP] Embed Pods Frameworks";
			outputPaths = (
			);
			runOnlyForDeploymentPostprocessing = 0;
			shellPath = /bin/sh;
			shellScript = "\"${SRCROOT}/Pods/Target Support Files/Pods-AppFramework/Pods-AppFramework-frameworks.sh\"\n";
			showEnvVarsInLog = 0;
		};
		BD7C5B144FC8B05695506A7E /* [CP] Copy Pods Resources */ = {
			isa = PBXShellScriptBuildPhase;
			buildActionMask = 2147483647;
			files = (
			);
			inputPaths = (
			);
			name = "[CP] Copy Pods Resources";
			outputPaths = (
			);
			runOnlyForDeploymentPostprocessing = 0;
			shellPath = /bin/sh;
			shellScript = "\"${SRCROOT}/Pods/Target Support Files/Pods-AppFrameworkUITests/Pods-AppFrameworkUITests-resources.sh\"\n";
			showEnvVarsInLog = 0;
		};
		D3E931A63A5EC372DC01FF81 /* [CP] Check Pods Manifest.lock */ = {
			isa = PBXShellScriptBuildPhase;
			buildActionMask = 2147483647;
			files = (
			);
			inputPaths = (
			);
			name = "[CP] Check Pods Manifest.lock";
			outputPaths = (
			);
			runOnlyForDeploymentPostprocessing = 0;
			shellPath = /bin/sh;
			shellScript = "diff \"${PODS_ROOT}/../Podfile.lock\" \"${PODS_ROOT}/Manifest.lock\" > /dev/null\nif [[ $? != 0 ]] ; then\n    cat << EOM\nerror: The sandbox is not in sync with the Podfile.lock. Run 'pod install' or update your CocoaPods installation.\nEOM\n    exit 1\nfi\n";
			showEnvVarsInLog = 0;
		};
		ECDD450F8F0CC3B2629136DF /* [CP] Check Pods Manifest.lock */ = {
			isa = PBXShellScriptBuildPhase;
			buildActionMask = 2147483647;
			files = (
			);
			inputPaths = (
			);
			name = "[CP] Check Pods Manifest.lock";
			outputPaths = (
			);
			runOnlyForDeploymentPostprocessing = 0;
			shellPath = /bin/sh;
			shellScript = "diff \"${PODS_ROOT}/../Podfile.lock\" \"${PODS_ROOT}/Manifest.lock\" > /dev/null\nif [[ $? != 0 ]] ; then\n    cat << EOM\nerror: The sandbox is not in sync with the Podfile.lock. Run 'pod install' or update your CocoaPods installation.\nEOM\n    exit 1\nfi\n";
			showEnvVarsInLog = 0;
		};
/* End PBXShellScriptBuildPhase section */

/* Begin PBXSourcesBuildPhase section */
		96372D731E9B3CEA00091D97 /* Sources */ = {
			isa = PBXSourcesBuildPhase;
			buildActionMask = 2147483647;
			files = (
				962E76461E9C7F34007A30B6 /* JLNavigationController.m in Sources */,
				96372DBE1E9B8C2C00091D97 /* JLTabBarController.m in Sources */,
				962E764C1E9C8D03007A30B6 /* DetailController.m in Sources */,
				96372D7C1E9B3CEA00091D97 /* main.m in Sources */,
				962E76561E9CCA19007A30B6 /* JLNetwork.m in Sources */,
				96372DC91E9B8D0F00091D97 /* HomeController.m in Sources */,
				96372DCF1E9B975900091D97 /* ListController.m in Sources */,
				962E76491E9C8051007A30B6 /* UIImage+Color.m in Sources */,
				96372DCC1E9B8D2C00091D97 /* MineController.m in Sources */,
				96372DBA1E9B5F6500091D97 /* AppDelegate.m in Sources */,
			);
			runOnlyForDeploymentPostprocessing = 0;
		};
		96372D8C1E9B3CEA00091D97 /* Sources */ = {
			isa = PBXSourcesBuildPhase;
			buildActionMask = 2147483647;
			files = (
				96372D951E9B3CEA00091D97 /* AppFrameworkTests.m in Sources */,
			);
			runOnlyForDeploymentPostprocessing = 0;
		};
		96372D971E9B3CEA00091D97 /* Sources */ = {
			isa = PBXSourcesBuildPhase;
			buildActionMask = 2147483647;
			files = (
				96372DA01E9B3CEA00091D97 /* AppFrameworkUITests.m in Sources */,
			);
			runOnlyForDeploymentPostprocessing = 0;
		};
/* End PBXSourcesBuildPhase section */

/* Begin PBXTargetDependency section */
		96372D921E9B3CEA00091D97 /* PBXTargetDependency */ = {
			isa = PBXTargetDependency;
			target = 96372D761E9B3CEA00091D97 /* AppFramework */;
			targetProxy = 96372D911E9B3CEA00091D97 /* PBXContainerItemProxy */;
		};
		96372D9D1E9B3CEA00091D97 /* PBXTargetDependency */ = {
			isa = PBXTargetDependency;
			target = 96372D761E9B3CEA00091D97 /* AppFramework */;
			targetProxy = 96372D9C1E9B3CEA00091D97 /* PBXContainerItemProxy */;
		};
/* End PBXTargetDependency section */

/* Begin PBXVariantGroup section */
		96372D831E9B3CEA00091D97 /* Main.storyboard */ = {
			isa = PBXVariantGroup;
			children = (
				96372D841E9B3CEA00091D97 /* Base */,
			);
			name = Main.storyboard;
			sourceTree = "<group>";
		};
		96372D881E9B3CEA00091D97 /* LaunchScreen.storyboard */ = {
			isa = PBXVariantGroup;
			children = (
				96372D891E9B3CEA00091D97 /* Base */,
			);
			name = LaunchScreen.storyboard;
			sourceTree = "<group>";
		};
/* End PBXVariantGroup section */

/* Begin XCBuildConfiguration section */
		96372DA21E9B3CEA00091D97 /* Debug */ = {
			isa = XCBuildConfiguration;
			buildSettings = {
				ALWAYS_SEARCH_USER_PATHS = NO;
				CLANG_ANALYZER_NONNULL = YES;
				CLANG_ANALYZER_NUMBER_OBJECT_CONVERSION = YES_AGGRESSIVE;
				CLANG_CXX_LANGUAGE_STANDARD = "gnu++0x";
				CLANG_CXX_LIBRARY = "libc++";
				CLANG_ENABLE_MODULES = YES;
				CLANG_ENABLE_OBJC_ARC = YES;
				CLANG_WARN_BOOL_CONVERSION = YES;
				CLANG_WARN_CONSTANT_CONVERSION = YES;
				CLANG_WARN_DIRECT_OBJC_ISA_USAGE = YES_ERROR;
				CLANG_WARN_DOCUMENTATION_COMMENTS = YES;
				CLANG_WARN_EMPTY_BODY = YES;
				CLANG_WARN_ENUM_CONVERSION = YES;
				CLANG_WARN_INFINITE_RECURSION = YES;
				CLANG_WARN_INT_CONVERSION = YES;
				CLANG_WARN_OBJC_ROOT_CLASS = YES_ERROR;
				CLANG_WARN_SUSPICIOUS_MOVE = YES;
				CLANG_WARN_UNREACHABLE_CODE = YES;
				CLANG_WARN__DUPLICATE_METHOD_MATCH = YES;
				"CODE_SIGN_IDENTITY[sdk=iphoneos*]" = "iPhone Developer";
				COPY_PHASE_STRIP = NO;
				DEBUG_INFORMATION_FORMAT = dwarf;
				ENABLE_STRICT_OBJC_MSGSEND = YES;
				ENABLE_TESTABILITY = YES;
				GCC_C_LANGUAGE_STANDARD = gnu99;
				GCC_DYNAMIC_NO_PIC = NO;
				GCC_NO_COMMON_BLOCKS = YES;
				GCC_OPTIMIZATION_LEVEL = 0;
				GCC_PREPROCESSOR_DEFINITIONS = (
					"DEBUG=1",
					"$(inherited)",
				);
				GCC_WARN_64_TO_32_BIT_CONVERSION = YES;
				GCC_WARN_ABOUT_RETURN_TYPE = YES_ERROR;
				GCC_WARN_UNDECLARED_SELECTOR = YES;
				GCC_WARN_UNINITIALIZED_AUTOS = YES_AGGRESSIVE;
				GCC_WARN_UNUSED_FUNCTION = YES;
				GCC_WARN_UNUSED_VARIABLE = YES;
				IPHONEOS_DEPLOYMENT_TARGET = 10.3;
				MTL_ENABLE_DEBUG_INFO = YES;
				ONLY_ACTIVE_ARCH = YES;
				SDKROOT = iphoneos;
				TARGETED_DEVICE_FAMILY = "1,2";
			};
			name = Debug;
		};
		96372DA31E9B3CEA00091D97 /* Release */ = {
			isa = XCBuildConfiguration;
			buildSettings = {
				ALWAYS_SEARCH_USER_PATHS = NO;
				CLANG_ANALYZER_NONNULL = YES;
				CLANG_ANALYZER_NUMBER_OBJECT_CONVERSION = YES_AGGRESSIVE;
				CLANG_CXX_LANGUAGE_STANDARD = "gnu++0x";
				CLANG_CXX_LIBRARY = "libc++";
				CLANG_ENABLE_MODULES = YES;
				CLANG_ENABLE_OBJC_ARC = YES;
				CLANG_WARN_BOOL_CONVERSION = YES;
				CLANG_WARN_CONSTANT_CONVERSION = YES;
				CLANG_WARN_DIRECT_OBJC_ISA_USAGE = YES_ERROR;
				CLANG_WARN_DOCUMENTATION_COMMENTS = YES;
				CLANG_WARN_EMPTY_BODY = YES;
				CLANG_WARN_ENUM_CONVERSION = YES;
				CLANG_WARN_INFINITE_RECURSION = YES;
				CLANG_WARN_INT_CONVERSION = YES;
				CLANG_WARN_OBJC_ROOT_CLASS = YES_ERROR;
				CLANG_WARN_SUSPICIOUS_MOVE = YES;
				CLANG_WARN_UNREACHABLE_CODE = YES;
				CLANG_WARN__DUPLICATE_METHOD_MATCH = YES;
				"CODE_SIGN_IDENTITY[sdk=iphoneos*]" = "iPhone Developer";
				COPY_PHASE_STRIP = NO;
				DEBUG_INFORMATION_FORMAT = "dwarf-with-dsym";
				ENABLE_NS_ASSERTIONS = NO;
				ENABLE_STRICT_OBJC_MSGSEND = YES;
				GCC_C_LANGUAGE_STANDARD = gnu99;
				GCC_NO_COMMON_BLOCKS = YES;
				GCC_WARN_64_TO_32_BIT_CONVERSION = YES;
				GCC_WARN_ABOUT_RETURN_TYPE = YES_ERROR;
				GCC_WARN_UNDECLARED_SELECTOR = YES;
				GCC_WARN_UNINITIALIZED_AUTOS = YES_AGGRESSIVE;
				GCC_WARN_UNUSED_FUNCTION = YES;
				GCC_WARN_UNUSED_VARIABLE = YES;
				IPHONEOS_DEPLOYMENT_TARGET = 10.3;
				MTL_ENABLE_DEBUG_INFO = NO;
				SDKROOT = iphoneos;
				TARGETED_DEVICE_FAMILY = "1,2";
				VALIDATE_PRODUCT = YES;
			};
			name = Release;
		};
		96372DA51E9B3CEA00091D97 /* Debug */ = {
			isa = XCBuildConfiguration;
			baseConfigurationReference = 0C5FC82BE58B1E7E1E84BC58 /* Pods-AppFramework.debug.xcconfig */;
			buildSettings = {
				ASSETCATALOG_COMPILER_APPICON_NAME = AppIcon;
				GCC_PREFIX_HEADER = "$(SRCROOT)/AppFramework/Class/Main/Other/PrefixHeader.pch";
				INFOPLIST_FILE = AppFramework/Info.plist;
				LD_RUNPATH_SEARCH_PATHS = "$(inherited) @executable_path/Frameworks";
				PRODUCT_BUNDLE_IDENTIFIER = test.AppFramework;
				PRODUCT_NAME = "$(TARGET_NAME)";
			};
			name = Debug;
		};
		96372DA61E9B3CEA00091D97 /* Release */ = {
			isa = XCBuildConfiguration;
			baseConfigurationReference = CF8AF381B524D28FD61F9BA3 /* Pods-AppFramework.release.xcconfig */;
			buildSettings = {
				ASSETCATALOG_COMPILER_APPICON_NAME = AppIcon;
				GCC_PREFIX_HEADER = "$(SRCROOT)/AppFramework/Class/Main/Other/PrefixHeader.pch";
				INFOPLIST_FILE = AppFramework/Info.plist;
				LD_RUNPATH_SEARCH_PATHS = "$(inherited) @executable_path/Frameworks";
				PRODUCT_BUNDLE_IDENTIFIER = test.AppFramework;
				PRODUCT_NAME = "$(TARGET_NAME)";
			};
			name = Release;
		};
		96372DA81E9B3CEA00091D97 /* Debug */ = {
			isa = XCBuildConfiguration;
			buildSettings = {
				BUNDLE_LOADER = "$(TEST_HOST)";
				INFOPLIST_FILE = AppFrameworkTests/Info.plist;
				LD_RUNPATH_SEARCH_PATHS = "$(inherited) @executable_path/Frameworks @loader_path/Frameworks";
				PRODUCT_BUNDLE_IDENTIFIER = test.AppFrameworkTests;
				PRODUCT_NAME = "$(TARGET_NAME)";
				TEST_HOST = "$(BUILT_PRODUCTS_DIR)/AppFramework.app/AppFramework";
			};
			name = Debug;
		};
		96372DA91E9B3CEA00091D97 /* Release */ = {
			isa = XCBuildConfiguration;
			buildSettings = {
				BUNDLE_LOADER = "$(TEST_HOST)";
				INFOPLIST_FILE = AppFrameworkTests/Info.plist;
				LD_RUNPATH_SEARCH_PATHS = "$(inherited) @executable_path/Frameworks @loader_path/Frameworks";
				PRODUCT_BUNDLE_IDENTIFIER = test.AppFrameworkTests;
				PRODUCT_NAME = "$(TARGET_NAME)";
				TEST_HOST = "$(BUILT_PRODUCTS_DIR)/AppFramework.app/AppFramework";
			};
			name = Release;
		};
		96372DAB1E9B3CEA00091D97 /* Debug */ = {
			isa = XCBuildConfiguration;
			buildSettings = {
				INFOPLIST_FILE = AppFrameworkUITests/Info.plist;
				LD_RUNPATH_SEARCH_PATHS = "$(inherited) @executable_path/Frameworks @loader_path/Frameworks";
				PRODUCT_BUNDLE_IDENTIFIER = test.AppFrameworkUITests;
				PRODUCT_NAME = "$(TARGET_NAME)";
				TEST_TARGET_NAME = AppFramework;
			};
			name = Debug;
		};
		96372DAC1E9B3CEA00091D97 /* Release */ = {
			isa = XCBuildConfiguration;
			buildSettings = {
				INFOPLIST_FILE = AppFrameworkUITests/Info.plist;
				LD_RUNPATH_SEARCH_PATHS = "$(inherited) @executable_path/Frameworks @loader_path/Frameworks";
				PRODUCT_BUNDLE_IDENTIFIER = test.AppFrameworkUITests;
				PRODUCT_NAME = "$(TARGET_NAME)";
				TEST_TARGET_NAME = AppFramework;
			};
			name = Release;
		};
/* End XCBuildConfiguration section */

/* Begin XCConfigurationList section */
		96372D721E9B3CEA00091D97 /* Build configuration list for PBXProject "AppFramework" */ = {
			isa = XCConfigurationList;
			buildConfigurations = (
				96372DA21E9B3CEA00091D97 /* Debug */,
				96372DA31E9B3CEA00091D97 /* Release */,
			);
			defaultConfigurationIsVisible = 0;
			defaultConfigurationName = Release;
		};
		96372DA41E9B3CEA00091D97 /* Build configuration list for PBXNativeTarget "AppFramework" */ = {
			isa = XCConfigurationList;
			buildConfigurations = (
				96372DA51E9B3CEA00091D97 /* Debug */,
				96372DA61E9B3CEA00091D97 /* Release */,
			);
			defaultConfigurationIsVisible = 0;
			defaultConfigurationName = Release;
		};
		96372DA71E9B3CEA00091D97 /* Build configuration list for PBXNativeTarget "AppFrameworkTests" */ = {
			isa = XCConfigurationList;
			buildConfigurations = (
				96372DA81E9B3CEA00091D97 /* Debug */,
				96372DA91E9B3CEA00091D97 /* Release */,
			);
			defaultConfigurationIsVisible = 0;
			defaultConfigurationName = Release;
		};
		96372DAA1E9B3CEA00091D97 /* Build configuration list for PBXNativeTarget "AppFrameworkUITests" */ = {
			isa = XCConfigurationList;
			buildConfigurations = (
				96372DAB1E9B3CEA00091D97 /* Debug */,
				96372DAC1E9B3CEA00091D97 /* Release */,
			);
			defaultConfigurationIsVisible = 0;
			defaultConfigurationName = Release;
		};
/* End XCConfigurationList section */
	};
	rootObject = 96372D6F1E9B3CEA00091D97 /* Project object */;
}
